{
  "version": 4,
  "terraform_version": "1.1.8",
  "serial": 107,
  "lineage": "a358c6cb-0dc1-f41e-2bf9-2178295883ff",
  "outputs": {},
  "resources": [
    {
      "mode": "managed",
      "type": "aws_db_instance",
      "name": "clip_mysql",
      "provider": "provider[\"registry.terraform.io/hashicorp/aws\"]",
      "instances": [
        {
          "schema_version": 1,
          "attributes": {
            "address": "terraform-20220422030748157100000001.ctfdgrumflfg.us-west-1.rds.amazonaws.com",
            "allocated_storage": 10,
            "allow_major_version_upgrade": null,
            "apply_immediately": null,
            "arn": "arn:aws:rds:us-west-1:562462682229:db:terraform-20220422030748157100000001",
            "auto_minor_version_upgrade": true,
            "availability_zone": "us-west-1b",
            "backup_retention_period": 0,
            "backup_window": "07:38-08:08",
            "ca_cert_identifier": "rds-ca-2019",
            "character_set_name": "",
            "copy_tags_to_snapshot": false,
            "customer_owned_ip_enabled": false,
            "db_name": "clip_mysql_db",
            "db_subnet_group_name": "clip_sub_group",
            "delete_automated_backups": true,
            "deletion_protection": false,
            "domain": "",
            "domain_iam_role_name": "",
            "enabled_cloudwatch_logs_exports": null,
            "endpoint": "terraform-20220422030748157100000001.ctfdgrumflfg.us-west-1.rds.amazonaws.com:3306",
            "engine": "mysql",
            "engine_version": "5.7",
            "engine_version_actual": "5.7.37",
            "final_snapshot_identifier": null,
            "hosted_zone_id": "Z10WI91S59XXQN",
            "iam_database_authentication_enabled": false,
            "id": "terraform-20220422030748157100000001",
            "identifier": "terraform-20220422030748157100000001",
            "identifier_prefix": "terraform-",
            "instance_class": "db.t2.micro",
            "iops": 0,
            "kms_key_id": "",
            "latest_restorable_time": "0001-01-01T00:00:00Z",
            "license_model": "general-public-license",
            "maintenance_window": "sun:06:17-sun:06:47",
            "max_allocated_storage": 0,
            "monitoring_interval": 0,
            "monitoring_role_arn": "",
            "multi_az": false,
            "name": "clip_mysql_db",
            "nchar_character_set_name": "",
            "option_group_name": "default:mysql-5-7",
            "parameter_group_name": "default.mysql5.7",
            "password": "foobarbaz",
            "performance_insights_enabled": false,
            "performance_insights_kms_key_id": "",
            "performance_insights_retention_period": 0,
            "port": 3306,
            "publicly_accessible": false,
            "replica_mode": "",
            "replicas": [],
            "replicate_source_db": "",
            "resource_id": "db-MY5L3P73R6QWMJYHOIR6OX2NK4",
            "restore_to_point_in_time": [],
            "s3_import": [],
            "security_group_names": null,
            "skip_final_snapshot": true,
            "snapshot_identifier": null,
            "status": "available",
            "storage_encrypted": false,
            "storage_type": "gp2",
            "tags": {
              "Name": "clip_mysql",
              "Project": "Challange"
            },
            "tags_all": {
              "Name": "clip_mysql",
              "Project": "Challange"
            },
            "timeouts": null,
            "timezone": "",
            "username": "foo",
            "vpc_security_group_ids": [
              "sg-03d1aefa28616e7d6"
            ]
          },
          "sensitive_attributes": [],
          "private": "eyJlMmJmYjczMC1lY2FhLTExZTYtOGY4OC0zNDM2M2JjN2M0YzAiOnsiY3JlYXRlIjoyNDAwMDAwMDAwMDAwLCJkZWxldGUiOjM2MDAwMDAwMDAwMDAsInVwZGF0ZSI6NDgwMDAwMDAwMDAwMH0sInNjaGVtYV92ZXJzaW9uIjoiMSJ9",
          "dependencies": [
            "aws_db_subnet_group.clip_sub_group",
            "aws_security_group.rds-sg",
            "aws_subnet.clip_private_subnet-1",
            "aws_subnet.clip_private_subnet-2",
            "aws_subnet.clip_private_subnet-3",
            "aws_vpc.clip_vpc"
          ]
        }
      ]
    },
    {
      "mode": "managed",
      "type": "aws_db_subnet_group",
      "name": "clip_sub_group",
      "provider": "provider[\"registry.terraform.io/hashicorp/aws\"]",
      "instances": [
        {
          "schema_version": 0,
          "attributes": {
            "arn": "arn:aws:rds:us-west-1:562462682229:subgrp:clip_sub_group",
            "description": "Managed by Terraform",
            "id": "clip_sub_group",
            "name": "clip_sub_group",
            "name_prefix": null,
            "subnet_ids": [
              "subnet-089d71756f777e684",
              "subnet-0c62c08bbfaea32ae"
            ],
            "tags": {
              "Name": "My DB subnet group"
            },
            "tags_all": {
              "Name": "My DB subnet group"
            }
          },
          "sensitive_attributes": [],
          "private": "bnVsbA==",
          "dependencies": [
            "aws_subnet.clip_private_subnet-1",
            "aws_subnet.clip_private_subnet-2",
            "aws_vpc.clip_vpc"
          ]
        }
      ]
    },
    {
      "mode": "managed",
      "type": "aws_instance",
      "name": "clip-ec2",
      "provider": "provider[\"registry.terraform.io/hashicorp/aws\"]",
      "instances": [
        {
          "schema_version": 1,
          "attributes": {
            "ami": "ami-009726b835c24a3aa",
            "arn": "arn:aws:ec2:us-west-1:562462682229:instance/i-022f5f0087c6a989d",
            "associate_public_ip_address": false,
            "availability_zone": "us-west-1b",
            "capacity_reservation_specification": [
              {
                "capacity_reservation_preference": "open",
                "capacity_reservation_target": []
              }
            ],
            "cpu_core_count": 1,
            "cpu_threads_per_core": 1,
            "credit_specification": [
              {
                "cpu_credits": "standard"
              }
            ],
            "disable_api_termination": false,
            "ebs_block_device": [],
            "ebs_optimized": false,
            "enclave_options": [
              {
                "enabled": false
              }
            ],
            "ephemeral_block_device": [],
            "get_password_data": false,
            "hibernation": false,
            "host_id": null,
            "iam_instance_profile": "",
            "id": "i-022f5f0087c6a989d",
            "instance_initiated_shutdown_behavior": "stop",
            "instance_state": "running",
            "instance_type": "t2.micro",
            "ipv6_address_count": 0,
            "ipv6_addresses": [],
            "key_name": "mykey",
            "launch_template": [],
            "metadata_options": [
              {
                "http_endpoint": "enabled",
                "http_put_response_hop_limit": 1,
                "http_tokens": "optional",
                "instance_metadata_tags": "disabled"
              }
            ],
            "monitoring": false,
            "network_interface": [],
            "outpost_arn": "",
            "password_data": "",
            "placement_group": "",
            "placement_partition_number": null,
            "primary_network_interface_id": "eni-0c3c2479bea6e3c24",
            "private_dns": "ip-10-0-3-223.us-west-1.compute.internal",
            "private_ip": "10.0.3.223",
            "public_dns": "",
            "public_ip": "",
            "root_block_device": [
              {
                "delete_on_termination": true,
                "device_name": "/dev/sda1",
                "encrypted": false,
                "iops": 100,
                "kms_key_id": "",
                "tags": {},
                "throughput": 0,
                "volume_id": "vol-0a9f3cb2796f06b85",
                "volume_size": 8,
                "volume_type": "gp2"
              }
            ],
            "secondary_private_ips": [],
            "security_groups": [],
            "source_dest_check": true,
            "subnet_id": "subnet-0ea6f5b1fc686cb20",
            "tags": {
              "Name": "clip-ec2"
            },
            "tags_all": {
              "Name": "clip-ec2"
            },
            "tenancy": "default",
            "timeouts": null,
            "user_data": null,
            "user_data_base64": null,
            "user_data_replace_on_change": false,
            "volume_tags": null,
            "vpc_security_group_ids": [
              "sg-0175b9b5f0720376f"
            ]
          },
          "sensitive_attributes": [],
          "private": "eyJlMmJmYjczMC1lY2FhLTExZTYtOGY4OC0zNDM2M2JjN2M0YzAiOnsiY3JlYXRlIjo2MDAwMDAwMDAwMDAsImRlbGV0ZSI6MTIwMDAwMDAwMDAwMCwidXBkYXRlIjo2MDAwMDAwMDAwMDB9LCJzY2hlbWFfdmVyc2lvbiI6IjEifQ==",
          "dependencies": [
            "aws_key_pair.my-key",
            "aws_security_group.clip_ec2_sg",
            "aws_subnet.clip_private_subnet-3",
            "aws_vpc.clip_vpc"
          ]
        }
      ]
    },
    {
      "mode": "managed",
      "type": "aws_key_pair",
      "name": "my-key",
      "provider": "provider[\"registry.terraform.io/hashicorp/aws\"]",
      "instances": [
        {
          "schema_version": 1,
          "attributes": {
            "arn": "arn:aws:ec2:us-west-1:562462682229:key-pair/mykey",
            "fingerprint": "c3:bb:95:23:fe:8d:27:37:3e:38:26:67:ba:a2:5d:93",
            "id": "mykey",
            "key_name": "mykey",
            "key_name_prefix": "",
            "key_pair_id": "key-064208c470da5e2ac",
            "public_key": "ssh-rsa AAAAB3NzaC1yc2EAAAADAQABAAABgQDSMAfTC+RGWQXjF7A4do31N+6yvutjRRtoCSMHqVUU5NShEiWNHUhYuYyrLhjTxQ/H4CzAvfnx+QcDLTtW/rnhlhgcC8dsnhltEdUHPoRedj5Bz1Y2Ui6RnkH3G1xIeuA9Kj8LmHpdSHFyKg1s18Y9//Xuea/N04iCi2u9rabfuD74RW05SRecg1FVTWvgUq0A2G4ddOcNb5MUG2NbcrbztuWWPPz9u/aqApgezMsQ4xvYjJoknHSA/C2j/VnbEpihslMWYsCIZr85r6s9mGXl4E8plF/Uq0KF4UOoL65jreGOda5JQdrVOH8EZM0k7KLwAQPVCwlBldbCvyhmIalxbQ0sius237decrGvBzjtEqsvDcqrMYJkJCrjOhS1Aw147Bens6GJGeAt9ckECyhGeI73yNPYnAHym8KXfxtk2N+afNw5VGDf5Rrri2GUa0NhavLTSKA/vsiRUnuIqSbPJOt/J5FYHBn5ekSI2jd+esQ97nfyHlS9kSrvR2YgAtM= RIGUERRE@RIGUERRE-TECRAX",
            "tags": null,
            "tags_all": {}
          },
          "sensitive_attributes": [],
          "private": "eyJzY2hlbWFfdmVyc2lvbiI6IjEifQ=="
        }
      ]
    },
    {
      "mode": "managed",
      "type": "aws_security_group",
      "name": "clip_ec2_sg",
      "provider": "provider[\"registry.terraform.io/hashicorp/aws\"]",
      "instances": [
        {
          "schema_version": 1,
          "attributes": {
            "arn": "arn:aws:ec2:us-west-1:562462682229:security-group/sg-0175b9b5f0720376f",
            "description": "Security Group for ssh",
            "egress": [
              {
                "cidr_blocks": [
                  "0.0.0.0/0"
                ],
                "description": "",
                "from_port": 0,
                "ipv6_cidr_blocks": [],
                "prefix_list_ids": [],
                "protocol": "-1",
                "security_groups": [],
                "self": false,
                "to_port": 0
              }
            ],
            "id": "sg-0175b9b5f0720376f",
            "ingress": [
              {
                "cidr_blocks": [
                  "0.0.0.0/0"
                ],
                "description": "TLS from VPC",
                "from_port": 22,
                "ipv6_cidr_blocks": [],
                "prefix_list_ids": [],
                "protocol": "tcp",
                "security_groups": [],
                "self": false,
                "to_port": 22
              }
            ],
            "name": "clip_ec2_sg",
            "name_prefix": "",
            "owner_id": "562462682229",
            "revoke_rules_on_delete": false,
            "tags": {
              "Name": "allow_tls"
            },
            "tags_all": {
              "Name": "allow_tls"
            },
            "timeouts": null,
            "vpc_id": "vpc-02893f241e61cbf23"
          },
          "sensitive_attributes": [],
          "private": "eyJlMmJmYjczMC1lY2FhLTExZTYtOGY4OC0zNDM2M2JjN2M0YzAiOnsiY3JlYXRlIjo2MDAwMDAwMDAwMDAsImRlbGV0ZSI6OTAwMDAwMDAwMDAwfSwic2NoZW1hX3ZlcnNpb24iOiIxIn0=",
          "dependencies": [
            "aws_vpc.clip_vpc"
          ]
        }
      ]
    },
    {
      "mode": "managed",
      "type": "aws_security_group",
      "name": "rds-sg",
      "provider": "provider[\"registry.terraform.io/hashicorp/aws\"]",
      "instances": [
        {
          "schema_version": 1,
          "attributes": {
            "arn": "arn:aws:ec2:us-west-1:562462682229:security-group/sg-03d1aefa28616e7d6",
            "description": "allow inbound access to the database",
            "egress": [
              {
                "cidr_blocks": [
                  "0.0.0.0/0"
                ],
                "description": "",
                "from_port": 0,
                "ipv6_cidr_blocks": [],
                "prefix_list_ids": [],
                "protocol": "-1",
                "security_groups": [],
                "self": false,
                "to_port": 0
              }
            ],
            "id": "sg-03d1aefa28616e7d6",
            "ingress": [
              {
                "cidr_blocks": [
                  "10.0.3.0/24"
                ],
                "description": "",
                "from_port": 0,
                "ipv6_cidr_blocks": [],
                "prefix_list_ids": [],
                "protocol": "-1",
                "security_groups": [],
                "self": false,
                "to_port": 0
              }
            ],
            "name": "rds-security-group",
            "name_prefix": "",
            "owner_id": "562462682229",
            "revoke_rules_on_delete": false,
            "tags": null,
            "tags_all": {},
            "timeouts": null,
            "vpc_id": "vpc-02893f241e61cbf23"
          },
          "sensitive_attributes": [],
          "private": "eyJlMmJmYjczMC1lY2FhLTExZTYtOGY4OC0zNDM2M2JjN2M0YzAiOnsiY3JlYXRlIjo2MDAwMDAwMDAwMDAsImRlbGV0ZSI6OTAwMDAwMDAwMDAwfSwic2NoZW1hX3ZlcnNpb24iOiIxIn0=",
          "dependencies": [
            "aws_subnet.clip_private_subnet-3",
            "aws_vpc.clip_vpc"
          ]
        }
      ]
    },
    {
      "mode": "managed",
      "type": "aws_subnet",
      "name": "clip_private_subnet-1",
      "provider": "provider[\"registry.terraform.io/hashicorp/aws\"]",
      "instances": [
        {
          "schema_version": 1,
          "attributes": {
            "arn": "arn:aws:ec2:us-west-1:562462682229:subnet/subnet-0c62c08bbfaea32ae",
            "assign_ipv6_address_on_creation": false,
            "availability_zone": "us-west-1c",
            "availability_zone_id": "usw1-az1",
            "cidr_block": "10.0.1.0/24",
            "customer_owned_ipv4_pool": "",
            "enable_dns64": false,
            "enable_resource_name_dns_a_record_on_launch": false,
            "enable_resource_name_dns_aaaa_record_on_launch": false,
            "id": "subnet-0c62c08bbfaea32ae",
            "ipv6_cidr_block": "",
            "ipv6_cidr_block_association_id": "",
            "ipv6_native": false,
            "map_customer_owned_ip_on_launch": false,
            "map_public_ip_on_launch": false,
            "outpost_arn": "",
            "owner_id": "562462682229",
            "private_dns_hostname_type_on_launch": "ip-name",
            "tags": {
              "Name": "clip_private_subnet-1"
            },
            "tags_all": {
              "Name": "clip_private_subnet-1"
            },
            "timeouts": null,
            "vpc_id": "vpc-02893f241e61cbf23"
          },
          "sensitive_attributes": [],
          "private": "eyJlMmJmYjczMC1lY2FhLTExZTYtOGY4OC0zNDM2M2JjN2M0YzAiOnsiY3JlYXRlIjo2MDAwMDAwMDAwMDAsImRlbGV0ZSI6MTIwMDAwMDAwMDAwMH0sInNjaGVtYV92ZXJzaW9uIjoiMSJ9",
          "dependencies": [
            "aws_vpc.clip_vpc"
          ]
        }
      ]
    },
    {
      "mode": "managed",
      "type": "aws_subnet",
      "name": "clip_private_subnet-2",
      "provider": "provider[\"registry.terraform.io/hashicorp/aws\"]",
      "instances": [
        {
          "schema_version": 1,
          "attributes": {
            "arn": "arn:aws:ec2:us-west-1:562462682229:subnet/subnet-089d71756f777e684",
            "assign_ipv6_address_on_creation": false,
            "availability_zone": "us-west-1b",
            "availability_zone_id": "usw1-az3",
            "cidr_block": "10.0.2.0/24",
            "customer_owned_ipv4_pool": "",
            "enable_dns64": false,
            "enable_resource_name_dns_a_record_on_launch": false,
            "enable_resource_name_dns_aaaa_record_on_launch": false,
            "id": "subnet-089d71756f777e684",
            "ipv6_cidr_block": "",
            "ipv6_cidr_block_association_id": "",
            "ipv6_native": false,
            "map_customer_owned_ip_on_launch": false,
            "map_public_ip_on_launch": false,
            "outpost_arn": "",
            "owner_id": "562462682229",
            "private_dns_hostname_type_on_launch": "ip-name",
            "tags": {
              "Name": "clip_private_subnet-2"
            },
            "tags_all": {
              "Name": "clip_private_subnet-2"
            },
            "timeouts": null,
            "vpc_id": "vpc-02893f241e61cbf23"
          },
          "sensitive_attributes": [],
          "private": "eyJlMmJmYjczMC1lY2FhLTExZTYtOGY4OC0zNDM2M2JjN2M0YzAiOnsiY3JlYXRlIjo2MDAwMDAwMDAwMDAsImRlbGV0ZSI6MTIwMDAwMDAwMDAwMH0sInNjaGVtYV92ZXJzaW9uIjoiMSJ9",
          "dependencies": [
            "aws_vpc.clip_vpc"
          ]
        }
      ]
    },
    {
      "mode": "managed",
      "type": "aws_subnet",
      "name": "clip_private_subnet-3",
      "provider": "provider[\"registry.terraform.io/hashicorp/aws\"]",
      "instances": [
        {
          "schema_version": 1,
          "attributes": {
            "arn": "arn:aws:ec2:us-west-1:562462682229:subnet/subnet-0ea6f5b1fc686cb20",
            "assign_ipv6_address_on_creation": false,
            "availability_zone": "us-west-1b",
            "availability_zone_id": "usw1-az3",
            "cidr_block": "10.0.3.0/24",
            "customer_owned_ipv4_pool": "",
            "enable_dns64": false,
            "enable_resource_name_dns_a_record_on_launch": false,
            "enable_resource_name_dns_aaaa_record_on_launch": false,
            "id": "subnet-0ea6f5b1fc686cb20",
            "ipv6_cidr_block": "",
            "ipv6_cidr_block_association_id": "",
            "ipv6_native": false,
            "map_customer_owned_ip_on_launch": false,
            "map_public_ip_on_launch": false,
            "outpost_arn": "",
            "owner_id": "562462682229",
            "private_dns_hostname_type_on_launch": "ip-name",
            "tags": {
              "Name": "clip_private_subnet-3"
            },
            "tags_all": {
              "Name": "clip_private_subnet-3"
            },
            "timeouts": null,
            "vpc_id": "vpc-02893f241e61cbf23"
          },
          "sensitive_attributes": [],
          "private": "eyJlMmJmYjczMC1lY2FhLTExZTYtOGY4OC0zNDM2M2JjN2M0YzAiOnsiY3JlYXRlIjo2MDAwMDAwMDAwMDAsImRlbGV0ZSI6MTIwMDAwMDAwMDAwMH0sInNjaGVtYV92ZXJzaW9uIjoiMSJ9",
          "dependencies": [
            "aws_vpc.clip_vpc"
          ]
        }
      ]
    },
    {
      "mode": "managed",
      "type": "aws_vpc",
      "name": "clip_vpc",
      "provider": "provider[\"registry.terraform.io/hashicorp/aws\"]",
      "instances": [
        {
          "schema_version": 1,
          "attributes": {
            "arn": "arn:aws:ec2:us-west-1:562462682229:vpc/vpc-02893f241e61cbf23",
            "assign_generated_ipv6_cidr_block": false,
            "cidr_block": "10.0.0.0/16",
            "default_network_acl_id": "acl-0ba2370618d4e2c57",
            "default_route_table_id": "rtb-01a1f6f14721f2708",
            "default_security_group_id": "sg-02fbcd80d7e91f5f2",
            "dhcp_options_id": "dopt-05d2f9c3e9ab42215",
            "enable_classiclink": false,
            "enable_classiclink_dns_support": false,
            "enable_dns_hostnames": true,
            "enable_dns_support": true,
            "id": "vpc-02893f241e61cbf23",
            "instance_tenancy": "default",
            "ipv4_ipam_pool_id": null,
            "ipv4_netmask_length": null,
            "ipv6_association_id": "",
            "ipv6_cidr_block": "",
            "ipv6_cidr_block_network_border_group": "",
            "ipv6_ipam_pool_id": "",
            "ipv6_netmask_length": 0,
            "main_route_table_id": "rtb-01a1f6f14721f2708",
            "owner_id": "562462682229",
            "tags": {
              "Name": "clip_vpc"
            },
            "tags_all": {
              "Name": "clip_vpc"
            }
          },
          "sensitive_attributes": [],
          "private": "eyJzY2hlbWFfdmVyc2lvbiI6IjEifQ=="
        }
      ]
    }
  ]
}
